// !$*UTF8*$!
{
	archiveVersion = 1;
	classes = {
	};
	objectVersion = 48;
	objects = {

/* Begin PBXBuildFile section */
		55A7912721485F73001A0E47 /* AppDelegate.swift in Sources */ = {isa = PBXBuildFile; fileRef = 55A7912621485F73001A0E47 /* AppDelegate.swift */; };
		55A7912921485F73001A0E47 /* ClientViewController.swift in Sources */ = {isa = PBXBuildFile; fileRef = 55A7912821485F73001A0E47 /* ClientViewController.swift */; };
		55A7912C21485F73001A0E47 /* Main.storyboard in Resources */ = {isa = PBXBuildFile; fileRef = 55A7912A21485F73001A0E47 /* Main.storyboard */; };
		55A7912E21485F73001A0E47 /* Assets.xcassets in Resources */ = {isa = PBXBuildFile; fileRef = 55A7912D21485F73001A0E47 /* Assets.xcassets */; };
		55A7913121485F73001A0E47 /* LaunchScreen.storyboard in Resources */ = {isa = PBXBuildFile; fileRef = 55A7912F21485F73001A0E47 /* LaunchScreen.storyboard */; };
		55D279DF2149AA28003AA688 /* Client.swift in Sources */ = {isa = PBXBuildFile; fileRef = 55D279DE2149AA28003AA688 /* Client.swift */; };
/* End PBXBuildFile section */

/* Begin PBXFileReference section */
		55A7912321485F73001A0E47 /* Reporter.app */ = {isa = PBXFileReference; explicitFileType = wrapper.application; includeInIndex = 0; path = Reporter.app; sourceTree = BUILT_PRODUCTS_DIR; };
		55A7912621485F73001A0E47 /* AppDelegate.swift */ = {isa = PBXFileReference; lastKnownFileType = sourcecode.swift; path = AppDelegate.swift; sourceTree = "<group>"; };
		55A7912821485F73001A0E47 /* ClientViewController.swift */ = {isa = PBXFileReference; lastKnownFileType = sourcecode.swift; path = ClientViewController.swift; sourceTree = "<group>"; };
		55A7912B21485F73001A0E47 /* Base */ = {isa = PBXFileReference; lastKnownFileType = file.storyboard; name = Base; path = Base.lproj/Main.storyboard; sourceTree = "<group>"; };
		55A7912D21485F73001A0E47 /* Assets.xcassets */ = {isa = PBXFileReference; lastKnownFileType = folder.assetcatalog; path = Assets.xcassets; sourceTree = "<group>"; };
		55A7913021485F73001A0E47 /* Base */ = {isa = PBXFileReference; lastKnownFileType = file.storyboard; name = Base; path = Base.lproj/LaunchScreen.storyboard; sourceTree = "<group>"; };
		55A7913221485F73001A0E47 /* Info.plist */ = {isa = PBXFileReference; lastKnownFileType = text.plist.xml; path = Info.plist; sourceTree = "<group>"; };
		55D279DE2149AA28003AA688 /* Client.swift */ = {isa = PBXFileReference; lastKnownFileType = sourcecode.swift; path = Client.swift; sourceTree = "<group>"; };
/* End PBXFileReference section */

/* Begin PBXFrameworksBuildPhase section */
		55A7912021485F73001A0E47 /* Frameworks */ = {
			isa = PBXFrameworksBuildPhase;
			buildActionMask = 2147483647;
			files = (
			);
			runOnlyForDeploymentPostprocessing = 0;
		};
/* End PBXFrameworksBuildPhase section */

/* Begin PBXGroup section */
		55A7911A21485F73001A0E47 = {
			isa = PBXGroup;
			children = (
				55A7912521485F73001A0E47 /* Reporter */,
				55A7912421485F73001A0E47 /* Products */,
			);
			sourceTree = "<group>";
		};
		55A7912421485F73001A0E47 /* Products */ = {
			isa = PBXGroup;
			children = (
				55A7912321485F73001A0E47 /* Reporter.app */,
			);
			name = Products;
			sourceTree = "<group>";
		};
		55A7912521485F73001A0E47 /* Reporter */ = {
			isa = PBXGroup;
			children = (
				55D279E22149AAE9003AA688 /* Views */,
				55D279E12149AACF003AA688 /* Controllers */,
				55D279E02149AAB6003AA688 /* DataModel */,
				55D279E32149AAF1003AA688 /* Supporting FIles */,
			);
			path = Reporter;
			sourceTree = "<group>";
		};
		55D279E02149AAB6003AA688 /* DataModel */ = {
			isa = PBXGroup;
			children = (
				55D279DE2149AA28003AA688 /* Client.swift */,
			);
			path = DataModel;
			sourceTree = "<group>";
		};
		55D279E12149AACF003AA688 /* Controllers */ = {
			isa = PBXGroup;
			children = (
				55A7912621485F73001A0E47 /* AppDelegate.swift */,
				55A7912821485F73001A0E47 /* ClientViewController.swift */,
			);
			path = Controllers;
			sourceTree = "<group>";
		};
		55D279E22149AAE9003AA688 /* Views */ = {
			isa = PBXGroup;
			children = (
				55A7912A21485F73001A0E47 /* Main.storyboard */,
			);
			path = Views;
			sourceTree = "<group>";
		};
		55D279E32149AAF1003AA688 /* Supporting FIles */ = {
			isa = PBXGroup;
			children = (
				55A7912D21485F73001A0E47 /* Assets.xcassets */,
				55A7913221485F73001A0E47 /* Info.plist */,
				55A7912F21485F73001A0E47 /* LaunchScreen.storyboard */,
			);
			path = "Supporting FIles";
			sourceTree = "<group>";
		};
/* End PBXGroup section */

/* Begin PBXNativeTarget section */
		55A7912221485F73001A0E47 /* Reporter */ = {
			isa = PBXNativeTarget;
			buildConfigurationList = 55A7913521485F73001A0E47 /* Build configuration list for PBXNativeTarget "Reporter" */;
			buildPhases = (
				55A7911F21485F73001A0E47 /* Sources */,
				55A7912021485F73001A0E47 /* Frameworks */,
				55A7912121485F73001A0E47 /* Resources */,
			);
			buildRules = (
			);
			dependencies = (
			);
			name = Reporter;
			productName = Reporter;
			productReference = 55A7912321485F73001A0E47 /* Reporter.app */;
			productType = "com.apple.product-type.application";
		};
/* End PBXNativeTarget section */

/* Begin PBXProject section */
		55A7911B21485F73001A0E47 /* Project object */ = {
			isa = PBXProject;
			attributes = {
				LastSwiftUpdateCheck = 0920;
				LastUpgradeCheck = 0920;
				ORGANIZATIONNAME = "David Bowles";
				TargetAttributes = {
					55A7912221485F73001A0E47 = {
						CreatedOnToolsVersion = 9.2;
						ProvisioningStyle = Automatic;
					};
				};
			};
			buildConfigurationList = 55A7911E21485F73001A0E47 /* Build configuration list for PBXProject "Reporter" */;
			compatibilityVersion = "Xcode 8.0";
			developmentRegion = en;
			hasScannedForEncodings = 0;
			knownRegions = (
				en,
				Base,
			);
			mainGroup = 55A7911A21485F73001A0E47;
			productRefGroup = 55A7912421485F73001A0E47 /* Products */;
			projectDirPath = "";
			projectRoot = "";
			targets = (
				55A7912221485F73001A0E47 /* Reporter */,
			);
		};
/* End PBXProject section */

/* Begin PBXResourcesBuildPhase section */
		55A7912121485F73001A0E47 /* Resources */ = {
			isa = PBXResourcesBuildPhase;
			buildActionMask = 2147483647;
			files = (
				55A7913121485F73001A0E47 /* LaunchScreen.storyboard in Resources */,
				55A7912E21485F73001A0E47 /* Assets.xcassets in Resources */,
				55A7912C21485F73001A0E47 /* Main.storyboard in Resources */,
			);
			runOnlyForDeploymentPostprocessing = 0;
		};
/* End PBXResourcesBuildPhase section */

/* Begin PBXSourcesBuildPhase section */
		55A7911F21485F73001A0E47 /* Sources */ = {
			isa = PBXSourcesBuildPhase;
			buildActionMask = 2147483647;
			files = (
				55A7912921485F73001A0E47 /* ClientViewController.swift in Sources */,
				55A7912721485F73001A0E47 /* AppDelegate.swift in Sources */,
				55D279DF2149AA28003AA688 /* Client.swift in Sources */,
			);
			runOnlyForDeploymentPostprocessing = 0;
		};
/* End PBXSourcesBuildPhase section */

/* Begin PBXVariantGroup section */
		55A7912A21485F73001A0E47 /* Main.storyboard */ = {
			isa = PBXVariantGroup;
			children = (
				55A7912B21485F73001A0E47 /* Base */,
			);
			name = Main.storyboard;
			sourceTree = "<group>";
		};
		55A7912F21485F73001A0E47 /* LaunchScreen.storyboard */ = {
			isa = PBXVariantGroup;
			children = (
				55A7913021485F73001A0E47 /* Base */,
			);
			name = LaunchScreen.storyboard;
			sourceTree = "<group>";
		};
/* End PBXVariantGroup section */

/* Begin XCBuildConfiguration section */
		55A7913321485F73001A0E47 /* Debug */ = {
			isa = XCBuildConfiguration;
			buildSettings = {
				ALWAYS_SEARCH_USER_PATHS = NO;
				CLANG_ANALYZER_NONNULL = YES;
				CLANG_ANALYZER_NUMBER_OBJECT_CONVERSION = YES_AGGRESSIVE;
				CLANG_CXX_LANGUAGE_STANDARD = "gnu++14";
				CLANG_CXX_LIBRARY = "libc++";
				CLANG_ENABLE_MODULES = YES;
				CLANG_ENABLE_OBJC_ARC = YES;
				CLANG_WARN_BLOCK_CAPTURE_AUTORELEASING = YES;
				CLANG_WARN_BOOL_CONVERSION = YES;
				CLANG_WARN_COMMA = YES;
				CLANG_WARN_CONSTANT_CONVERSION = YES;
				CLANG_WARN_DIRECT_OBJC_ISA_USAGE = YES_ERROR;
				CLANG_WARN_DOCUMENTATION_COMMENTS = YES;
				CLANG_WARN_EMPTY_BODY = YES;
				CLANG_WARN_ENUM_CONVERSION = YES;
				CLANG_WARN_INFINITE_RECURSION = YES;
				CLANG_WARN_INT_CONVERSION = YES;
				CLANG_WARN_NON_LITERAL_NULL_CONVERSION = YES;
				CLANG_WARN_OBJC_LITERAL_CONVERSION = YES;
				CLANG_WARN_OBJC_ROOT_CLASS = YES_ERROR;
				CLANG_WARN_RANGE_LOOP_ANALYSIS = YES;
				CLANG_WARN_STRICT_PROTOTYPES = YES;
				CLANG_WARN_SUSPICIOUS_MOVE = YES;
				CLANG_WARN_UNGUARDED_AVAILABILITY = YES_AGGRESSIVE;
				CLANG_WARN_UNREACHABLE_CODE = YES;
				CLANG_WARN__DUPLICATE_METHOD_MATCH = YES;
				CODE_SIGN_IDENTITY = "iPhone Developer";
				COPY_PHASE_STRIP = NO;
				DEBUG_INFORMATION_FORMAT = dwarf;
				ENABLE_STRICT_OBJC_MSGSEND = YES;
				ENABLE_TESTABILITY = YES;
				GCC_C_LANGUAGE_STANDARD = gnu11;
				GCC_DYNAMIC_NO_PIC = NO;
				GCC_NO_COMMON_BLOCKS = YES;
				GCC_OPTIMIZATION_LEVEL = 0;
				GCC_PREPROCESSOR_DEFINITIONS = (
					"DEBUG=1",
					"$(inherited)",
				);
				GCC_WARN_64_TO_32_BIT_CONVERSION = YES;
				GCC_WARN_ABOUT_RETURN_TYPE = YES_ERROR;
				GCC_WARN_UNDECLARED_SELECTOR = YES;
				GCC_WARN_UNINITIALIZED_AUTOS = YES_AGGRESSIVE;
				GCC_WARN_UNUSED_FUNCTION = YES;
				GCC_WARN_UNUSED_VARIABLE = YES;
				IPHONEOS_DEPLOYMENT_TARGET = 11.2;
				MTL_ENABLE_DEBUG_INFO = YES;
				ONLY_ACTIVE_ARCH = YES;
				SDKROOT = iphoneos;
				SWIFT_ACTIVE_COMPILATION_CONDITIONS = DEBUG;
				SWIFT_OPTIMIZATION_LEVEL = "-Onone";
			};
			name = Debug;
		};
		55A7913421485F73001A0E47 /* Release */ = {
			isa = XCBuildConfiguration;
			buildSettings = {
				ALWAYS_SEARCH_USER_PATHS = NO;
				CLANG_ANALYZER_NONNULL = YES;
				CLANG_ANALYZER_NUMBER_OBJECT_CONVERSION = YES_AGGRESSIVE;
				CLANG_CXX_LANGUAGE_STANDARD = "gnu++14";
				CLANG_CXX_LIBRARY = "libc++";
				CLANG_ENABLE_MODULES = YES;
				CLANG_ENABLE_OBJC_ARC = YES;
				CLANG_WARN_BLOCK_CAPTURE_AUTORELEASING = YES;
				CLANG_WARN_BOOL_CONVERSION = YES;
				CLANG_WARN_COMMA = YES;
				CLANG_WARN_CONSTANT_CONVERSION = YES;
				CLANG_WARN_DIRECT_OBJC_ISA_USAGE = YES_ERROR;
				CLANG_WARN_DOCUMENTATION_COMMENTS = YES;
				CLANG_WARN_EMPTY_BODY = YES;
				CLANG_WARN_ENUM_CONVERSION = YES;
				CLANG_WARN_INFINITE_RECURSION = YES;
				CLANG_WARN_INT_CONVERSION = YES;
				CLANG_WARN_NON_LITERAL_NULL_CONVERSION = YES;
				CLANG_WARN_OBJC_LITERAL_CONVERSION = YES;
				CLANG_WARN_OBJC_ROOT_CLASS = YES_ERROR;
				CLANG_WARN_RANGE_LOOP_ANALYSIS = YES;
				CLANG_WARN_STRICT_PROTOTYPES = YES;
				CLANG_WARN_SUSPICIOUS_MOVE = YES;
				CLANG_WARN_UNGUARDED_AVAILABILITY = YES_AGGRESSIVE;
				CLANG_WARN_UNREACHABLE_CODE = YES;
				CLANG_WARN__DUPLICATE_METHOD_MATCH = YES;
				CODE_SIGN_IDENTITY = "iPhone Developer";
				COPY_PHASE_STRIP = NO;
				DEBUG_INFORMATION_FORMAT = "dwarf-with-dsym";
				ENABLE_NS_ASSERTIONS = NO;
				ENABLE_STRICT_OBJC_MSGSEND = YES;
				GCC_C_LANGUAGE_STANDARD = gnu11;
				GCC_NO_COMMON_BLOCKS = YES;
				GCC_WARN_64_TO_32_BIT_CONVERSION = YES;
				GCC_WARN_ABOUT_RETURN_TYPE = YES_ERROR;
				GCC_WARN_UNDECLARED_SELECTOR = YES;
				GCC_WARN_UNINITIALIZED_AUTOS = YES_AGGRESSIVE;
				GCC_WARN_UNUSED_FUNCTION = YES;
				GCC_WARN_UNUSED_VARIABLE = YES;
				IPHONEOS_DEPLOYMENT_TARGET = 11.2;
				MTL_ENABLE_DEBUG_INFO = NO;
				SDKROOT = iphoneos;
				SWIFT_OPTIMIZATION_LEVEL = "-Owholemodule";
				VALIDATE_PRODUCT = YES;
			};
			name = Release;
		};
		55A7913621485F73001A0E47 /* Debug */ = {
			isa = XCBuildConfiguration;
			buildSettings = {
				ASSETCATALOG_COMPILER_APPICON_NAME = AppIcon;
				CODE_SIGN_STYLE = Automatic;
				DEVELOPMENT_TEAM = KCAB26EE7A;
				INFOPLIST_FILE = Reporter/Info.plist;
				LD_RUNPATH_SEARCH_PATHS = "$(inherited) @executable_path/Frameworks";
				PRODUCT_BUNDLE_IDENTIFIER = com.davidbowles.Reporter;
				PRODUCT_NAME = "$(TARGET_NAME)";
				SWIFT_VERSION = 4.0;
				TARGETED_DEVICE_FAMILY = "1,2";
			};
			name = Debug;
		};
		55A7913721485F73001A0E47 /* Release */ = {
			isa = XCBuildConfiguration;
			buildSettings = {
				ASSETCATALOG_COMPILER_APPICON_NAME = AppIcon;
				CODE_SIGN_STYLE = Automatic;
				DEVELOPMENT_TEAM = KCAB26EE7A;
				INFOPLIST_FILE = Reporter/Info.plist;
				LD_RUNPATH_SEARCH_PATHS = "$(inherited) @executable_path/Frameworks";
				PRODUCT_BUNDLE_IDENTIFIER = com.davidbowles.Reporter;
				PRODUCT_NAME = "$(TARGET_NAME)";
				SWIFT_VERSION = 4.0;
				TARGETED_DEVICE_FAMILY = "1,2";
			};
			name = Release;
		};
/* End XCBuildConfiguration section */

/* Begin XCConfigurationList section */
		55A7911E21485F73001A0E47 /* Build configuration list for PBXProject "Reporter" */ = {
			isa = XCConfigurationList;
			buildConfigurations = (
				55A7913321485F73001A0E47 /* Debug */,
				55A7913421485F73001A0E47 /* Release */,
			);
			defaultConfigurationIsVisible = 0;
			defaultConfigurationName = Release;
		};
		55A7913521485F73001A0E47 /* Build configuration list for PBXNativeTarget "Reporter" */ = {
			isa = XCConfigurationList;
			buildConfigurations = (
				55A7913621485F73001A0E47 /* Debug */,
				55A7913721485F73001A0E47 /* Release */,
			);
			defaultConfigurationIsVisible = 0;
			defaultConfigurationName = Release;
		};
/* End XCConfigurationList section */
	};
	rootObject = 55A7911B21485F73001A0E47 /* Project object */;
}
